Microsoft Visual Studio Solution File, Format Version 12.00
# Visual Studio Version 17
VisualStudioVersion = 17.5.2.0
MinimumVisualStudioVersion = 10.0.40219.1
Project("{FAE04EC0-301F-11D3-BF4B-00C04F79EFBC}") = "az204-entra", "az204-entra.csproj", "{12ACFB0D-C90E-C85C-3797-C8ACADE3629E}"
EndProject
Global
	GlobalSection(SolutionConfigurationPlatforms) = preSolution
		Debug|Any CPU = Debug|Any CPU
		Release|Any CPU = Release|Any CPU
	EndGlobalSection
	GlobalSection(ProjectConfigurationPlatforms) = postSolution
		{12ACFB0D-C90E-C85C-3797-C8ACADE3629E}.Debug|Any CPU.ActiveCfg = Debug|Any CPU
		{12ACFB0D-C90E-C85C-3797-C8ACADE3629E}.Debug|Any CPU.Build.0 = Debug|Any CPU
		{12ACFB0D-C90E-C85C-3797-C8ACADE3629E}.Release|Any CPU.ActiveCfg = Release|Any CPU
		{12ACFB0D-C90E-C85C-3797-C8ACADE3629E}.Release|Any CPU.Build.0 = Release|Any CPU
	EndGlobalSection
	GlobalSection(SolutionProperties) = preSolution
		HideSolutionNode = FALSE
	EndGlobalSection
	GlobalSection(ExtensibilityGlobals) = postSolution
		SolutionGuid = {4EC5AE60-120E-410B-AC2C-069FBCE66EC3}
	EndGlobalSection
EndGlobal
