Microsoft Visual Studio Solution File, Format Version 12.00
# Visual Studio Version 17
VisualStudioVersion = 17.5.2.0
MinimumVisualStudioVersion = 10.0.40219.1
Project("{FAE04EC0-301F-11D3-BF4B-00C04F79EFBC}") = "az204-storage", "az204-storage.csproj", "{712360A9-2DFC-812C-19F4-29F531654A90}"
EndProject
Global
	GlobalSection(SolutionConfigurationPlatforms) = preSolution
		Debug|Any CPU = Debug|Any CPU
		Release|Any CPU = Release|Any CPU
	EndGlobalSection
	GlobalSection(ProjectConfigurationPlatforms) = postSolution
		{712360A9-2DFC-812C-19F4-29F531654A90}.Debug|Any CPU.ActiveCfg = Debug|Any CPU
		{712360A9-2DFC-812C-19F4-29F531654A90}.Debug|Any CPU.Build.0 = Debug|Any CPU
		{712360A9-2DFC-812C-19F4-29F531654A90}.Release|Any CPU.ActiveCfg = Release|Any CPU
		{712360A9-2DFC-812C-19F4-29F531654A90}.Release|Any CPU.Build.0 = Release|Any CPU
	EndGlobalSection
	GlobalSection(SolutionProperties) = preSolution
		HideSolutionNode = FALSE
	EndGlobalSection
	GlobalSection(ExtensibilityGlobals) = postSolution
		SolutionGuid = {04B4BD63-EE96-40A1-8CEB-8E59C9EA2554}
	EndGlobalSection
EndGlobal
