Microsoft Visual Studio Solution File, Format Version 12.00
# Visual Studio Version 17
VisualStudioVersion = 17.5.2.0
MinimumVisualStudioVersion = 10.0.40219.1
Project("{FAE04EC0-301F-11D3-BF4B-00C04F79EFBC}") = "az204-keyvault", "az204-keyvault.csproj", "{B16A9D8D-C170-2996-3259-C8E60AD32FCB}"
EndProject
Global
	GlobalSection(SolutionConfigurationPlatforms) = preSolution
		Debug|Any CPU = Debug|Any CPU
		Release|Any CPU = Release|Any CPU
	EndGlobalSection
	GlobalSection(ProjectConfigurationPlatforms) = postSolution
		{B16A9D8D-C170-2996-3259-C8E60AD32FCB}.Debug|Any CPU.ActiveCfg = Debug|Any CPU
		{B16A9D8D-C170-2996-3259-C8E60AD32FCB}.Debug|Any CPU.Build.0 = Debug|Any CPU
		{B16A9D8D-C170-2996-3259-C8E60AD32FCB}.Release|Any CPU.ActiveCfg = Release|Any CPU
		{B16A9D8D-C170-2996-3259-C8E60AD32FCB}.Release|Any CPU.Build.0 = Release|Any CPU
	EndGlobalSection
	GlobalSection(SolutionProperties) = preSolution
		HideSolutionNode = FALSE
	EndGlobalSection
	GlobalSection(ExtensibilityGlobals) = postSolution
		SolutionGuid = {D50643ED-6820-4894-B957-2473D8A2EC69}
	EndGlobalSection
EndGlobal
